
Microsoft Visual Studio Solution File, Format Version 12.00
# Visual Studio Version 17
VisualStudioVersion = 17.14.36518.9 d17.14
MinimumVisualStudioVersion = 10.0.40219.1
Project("{FAE04EC0-301F-11D3-BF4B-00C04F79EFBC}") = "formulario_estudiante", "formulario_estudiante.csproj", "{23165720-098B-4E9A-944E-C7E3C2F4369F}"
EndProject
Global
	GlobalSection(SolutionConfigurationPlatforms) = preSolution
		Debug|Any CPU = Debug|Any CPU
		Release|Any CPU = Release|Any CPU
	EndGlobalSection
	GlobalSection(ProjectConfigurationPlatforms) = postSolution
		{23165720-098B-4E9A-944E-C7E3C2F4369F}.Debug|Any CPU.ActiveCfg = Debug|Any CPU
		{23165720-098B-4E9A-944E-C7E3C2F4369F}.Debug|Any CPU.Build.0 = Debug|Any CPU
		{23165720-098B-4E9A-944E-C7E3C2F4369F}.Release|Any CPU.ActiveCfg = Release|Any CPU
		{23165720-098B-4E9A-944E-C7E3C2F4369F}.Release|Any CPU.Build.0 = Release|Any CPU
	EndGlobalSection
	GlobalSection(SolutionProperties) = preSolution
		HideSolutionNode = FALSE
	EndGlobalSection
	GlobalSection(ExtensibilityGlobals) = postSolution
		SolutionGuid = {7E4B3430-A4C5-473D-A7F2-DD2702AFAAF6}
	EndGlobalSection
EndGlobal
